
Microsoft Visual Studio Solution File, Format Version 12.00
# Visual Studio Version 16
VisualStudioVersion = 16.0.30611.23
MinimumVisualStudioVersion = 10.0.40219.1
Project("{FAE04EC0-301F-11D3-BF4B-00C04F79EFBC}") = "Lab13", "Lab13\Lab13.csproj", "{DCF07DCD-94EB-4008-BFB5-55A02E0EFD7E}"
EndProject
Global
	GlobalSection(SolutionConfigurationPlatforms) = preSolution
		Debug|Any CPU = Debug|Any CPU
		Release|Any CPU = Release|Any CPU
	EndGlobalSection
	GlobalSection(ProjectConfigurationPlatforms) = postSolution
		{DCF07DCD-94EB-4008-BFB5-55A02E0EFD7E}.Debug|Any CPU.ActiveCfg = Debug|Any CPU
		{DCF07DCD-94EB-4008-BFB5-55A02E0EFD7E}.Debug|Any CPU.Build.0 = Debug|Any CPU
		{DCF07DCD-94EB-4008-BFB5-55A02E0EFD7E}.Release|Any CPU.ActiveCfg = Release|Any CPU
		{DCF07DCD-94EB-4008-BFB5-55A02E0EFD7E}.Release|Any CPU.Build.0 = Release|Any CPU
	EndGlobalSection
	GlobalSection(SolutionProperties) = preSolution
		HideSolutionNode = FALSE
	EndGlobalSection
	GlobalSection(ExtensibilityGlobals) = postSolution
		SolutionGuid = {2040BBCD-AF09-4CB6-A492-ADABB5C819C7}
	EndGlobalSection
EndGlobal
